{
  "requires": true,
  "lockfileVersion": 1,
  "dependencies": {
    "babel-plugin-inferno": {
      "version": "3.4.0",
      "resolved": "https://registry.npmjs.org/babel-plugin-inferno/-/babel-plugin-inferno-3.4.0.tgz",
      "integrity": "sha512-UWYA17amOVw0Je2RnImRHWO2LthXUMLW1N+hfmcAAJ9w/hQbXtYgDZEzgnPNqAdxC5jGys7mm4AKSLBfCGs52g==",
      "requires": {
        "babel-plugin-syntax-jsx": "6.18.0",
        "inferno-vnode-flags": "3.10.1"
      }
    },
    "babel-plugin-syntax-jsx": {
      "version": "6.18.0",
      "resolved": "https://registry.npmjs.org/babel-plugin-syntax-jsx/-/babel-plugin-syntax-jsx-6.18.0.tgz",
      "integrity": "sha1-CvMqmm4Tyno/1QaeYtew9Y0NiUY="
    },
    "history": {
      "version": "4.7.2",
      "resolved": "https://registry.npmjs.org/history/-/history-4.7.2.tgz",
      "integrity": "sha512-1zkBRWW6XweO0NBcjiphtVJVsIQ+SXF29z9DVkceeaSLVMFXHool+fdCZD4spDCfZJCILPILc3bm7Bc+HRi0nA==",
      "requires": {
        "invariant": "2.2.2",
        "loose-envify": "1.3.1",
        "resolve-pathname": "2.2.0",
        "value-equal": "0.4.0",
        "warning": "3.0.0"
      }
    },
    "inferno": {
      "version": "3.10.1",
      "resolved": "https://registry.npmjs.org/inferno/-/inferno-3.10.1.tgz",
      "integrity": "sha512-Sm+Wi9TI9REIHsuUlWyCNVZMlk7vMRs2QFjMEfKPsj7p8be8wB+sl8T8jBU2T+2S3oKzbJdKmKNTxWeMjHdypA==",
      "requires": {
        "inferno-shared": "3.10.1",
        "inferno-vnode-flags": "3.10.1"
      }
    },
    "inferno-compat": {
      "version": "3.10.1",
      "resolved": "https://registry.npmjs.org/inferno-compat/-/inferno-compat-3.10.1.tgz",
      "integrity": "sha512-kz3U65Ak5GeMAZ7jtUz29rlASKpIM1n3m+1fag0F7pgcYAEMUvfAxJJFiVPDW3lBCeRAR+LMbhdy4YuTNStlQA==",
      "requires": {
        "inferno": "3.10.1",
        "inferno-component": "3.10.1",
        "inferno-create-class": "3.10.1",
        "inferno-create-element": "3.10.1",
        "inferno-shared": "3.10.1",
        "inferno-transition-group": "2.1.1",
        "inferno-vnode-flags": "3.10.1",
        "rc-css-transition-group-modern": "2.1.6"
      }
    },
    "inferno-component": {
      "version": "3.10.1",
      "resolved": "https://registry.npmjs.org/inferno-component/-/inferno-component-3.10.1.tgz",
      "integrity": "sha512-8tXc4XXx7U2P22NLd21g4TLR+jJ0X+KyeznodlGjWYzQ6A6uy5AXsDyfStZl8GxeNzq3otTrrSV5n5yPcVZI2Q==",
      "requires": {
        "inferno": "3.10.1",
        "inferno-shared": "3.10.1",
        "inferno-vnode-flags": "3.10.1"
      }
    },
    "inferno-create-class": {
      "version": "3.10.1",
      "resolved": "https://registry.npmjs.org/inferno-create-class/-/inferno-create-class-3.10.1.tgz",
      "integrity": "sha512-dHVxcqhTFY6bGpdu6p/M8Hec1aHygqCSzcFCod8wowcxwJgKKlNJy2lvRD5BxaTQ8fDaUjxr78k0R/Rvfp1Tvg==",
      "requires": {
        "inferno-component": "3.10.1",
        "inferno-shared": "3.10.1"
      }
    },
    "inferno-create-element": {
      "version": "3.10.1",
      "resolved": "https://registry.npmjs.org/inferno-create-element/-/inferno-create-element-3.10.1.tgz",
      "integrity": "sha512-1Sn6d+FknSIZSEyEeRqwT6E2DMZUhRBBZCW2c4IHYXECozLXMwR7IgIHkVDQwWBoyJABRFeZE2UbfQ/nyJDuqw==",
      "requires": {
        "inferno": "3.10.1",
        "inferno-component": "3.10.1",
        "inferno-shared": "3.10.1",
        "inferno-vnode-flags": "3.10.1"
      }
    },
    "inferno-hyperscript": {
      "version": "3.10.1",
      "resolved": "https://registry.npmjs.org/inferno-hyperscript/-/inferno-hyperscript-3.10.1.tgz",
      "integrity": "sha512-pZkUJFcnjDH1/mWmsaabaeK6Hs2zWVTIlgusA1VDWKzPcjfdwM/e6xN6NfhL5Qb9Rmvha6uOTNwI7/yyAkCOSA==",
      "requires": {
        "inferno": "3.10.1",
        "inferno-shared": "3.10.1",
        "inferno-vnode-flags": "3.10.1"
      }
    },
    "inferno-router": {
      "version": "3.10.1",
      "resolved": "https://registry.npmjs.org/inferno-router/-/inferno-router-3.10.1.tgz",
      "integrity": "sha512-KrxdUSYMawCIPMa7iw2Xlh8SHPKEmwnTezD70eRtI0FoqRuzLngCqJkf/mwzcygRGJXtN+0a+ivhY3UV097qDA==",
      "requires": {
        "history": "4.7.2",
        "inferno": "3.10.1",
        "inferno-component": "3.10.1",
        "inferno-create-element": "3.10.1",
        "inferno-shared": "3.10.1",
        "inferno-vnode-flags": "3.10.1",
        "path-to-regexp": "1.7.0",
        "path-to-regexp-es6": "0.0.2"
      }
    },
    "inferno-shared": {
      "version": "3.10.1",
      "resolved": "https://registry.npmjs.org/inferno-shared/-/inferno-shared-3.10.1.tgz",
      "integrity": "sha512-mzh4qmnQb23W5sdfsR6W93vSqNll7etLSMG4JhlzYXYn1e4zVcAqJRbeVISI3mTkU6nS4gJBHueZtSb1ORuuBw=="
    },
    "inferno-transition-group": {
      "version": "2.1.1",
      "resolved": "https://registry.npmjs.org/inferno-transition-group/-/inferno-transition-group-2.1.1.tgz",
      "integrity": "sha512-2JjAvIfvYAx1KEq8pAR91+5xCpoIYb08vA38XFW6RICq1eqxUOe60ntjuDQJPJ2B8PYuMLFrwji6X5vcqkJ7aA==",
      "requires": {
        "inferno": "3.10.1",
        "inferno-component": "3.10.1"
      }
    },
    "inferno-vnode-flags": {
      "version": "3.10.1",
      "resolved": "https://registry.npmjs.org/inferno-vnode-flags/-/inferno-vnode-flags-3.10.1.tgz",
      "integrity": "sha512-jqc6yiFy9ZcpDW+6I6cWQUrSXHjpfm2Fut5qLuuXxLwKdfLQUh68sWBHd+y9J+7gIm+0V1QZn4x5Jx4G3m1hPA=="
    },
    "invariant": {
      "version": "2.2.2",
      "resolved": "https://registry.npmjs.org/invariant/-/invariant-2.2.2.tgz",
      "integrity": "sha1-nh9WrArNtr8wMwbzOL47IErmA2A=",
      "requires": {
        "loose-envify": "1.3.1"
      }
    },
    "isarray": {
      "version": "0.0.1",
      "resolved": "https://registry.npmjs.org/isarray/-/isarray-0.0.1.tgz",
      "integrity": "sha1-ihis/Kmo9Bd+Cav8YDiTmwXR7t8="
    },
    "js-tokens": {
      "version": "3.0.2",
      "resolved": "https://registry.npmjs.org/js-tokens/-/js-tokens-3.0.2.tgz",
      "integrity": "sha1-mGbfOVECEw449/mWvOtlRDIJwls="
    },
    "loose-envify": {
      "version": "1.3.1",
      "resolved": "https://registry.npmjs.org/loose-envify/-/loose-envify-1.3.1.tgz",
      "integrity": "sha1-0aitM/qc4OcT1l/dCsi3SNR4yEg=",
      "requires": {
        "js-tokens": "3.0.2"
      }
    },
    "path-to-regexp": {
      "version": "1.7.0",
      "resolved": "https://registry.npmjs.org/path-to-regexp/-/path-to-regexp-1.7.0.tgz",
      "integrity": "sha1-Wf3g9DW62suhA6hOnTvGTpa5k30=",
      "requires": {
        "isarray": "0.0.1"
      }
    },
    "path-to-regexp-es6": {
      "version": "0.0.2",
      "resolved": "https://registry.npmjs.org/path-to-regexp-es6/-/path-to-regexp-es6-0.0.2.tgz",
      "integrity": "sha1-gM9hXOMiCimvn+VPiGLHMNm1bgs=",
      "requires": {
        "path-to-regexp": "1.7.0"
      }
    },
    "rc-css-transition-group-modern": {
      "version": "2.1.6",
      "resolved": "https://registry.npmjs.org/rc-css-transition-group-modern/-/rc-css-transition-group-modern-2.1.6.tgz",
      "integrity": "sha1-401jdSEQ7izPUYXNa6THdM/fG7c="
    },
    "resolve-pathname": {
      "version": "2.2.0",
      "resolved": "https://registry.npmjs.org/resolve-pathname/-/resolve-pathname-2.2.0.tgz",
      "integrity": "sha512-bAFz9ld18RzJfddgrO2e/0S2O81710++chRMUxHjXOYKF6jTAMrUNZrEZ1PvV0zlhfjidm08iRPdTLPno1FuRg=="
    },
    "value-equal": {
      "version": "0.4.0",
      "resolved": "https://registry.npmjs.org/value-equal/-/value-equal-0.4.0.tgz",
      "integrity": "sha512-x+cYdNnaA3CxvMaTX0INdTCN8m8aF2uY9BvEqmxuYp8bL09cs/kWVQPVGcA35fMktdOsP69IgU7wFj/61dJHEw=="
    },
    "warning": {
      "version": "3.0.0",
      "resolved": "https://registry.npmjs.org/warning/-/warning-3.0.0.tgz",
      "integrity": "sha1-MuU3fLVy3kqwR1O9+IIcAe1gW3w=",
      "requires": {
        "loose-envify": "1.3.1"
      }
    }
  }
}
